// !$*UTF8*$!
{
	archiveVersion = 1;
	classes = {
	};
	objectVersion = 55;
	objects = {

/* Begin PBXBuildFile section */
		5066DB9F281D633B00461CD1 /* AppDelegate.m in Sources */ = {isa = PBXBuildFile; fileRef = 5066DB9E281D633B00461CD1 /* AppDelegate.m */; };
		5066DBA5281D633B00461CD1 /* ViewController.m in Sources */ = {isa = PBXBuildFile; fileRef = 5066DBA4281D633B00461CD1 /* ViewController.m */; };
		5066DBA8281D633B00461CD1 /* Main.storyboard in Resources */ = {isa = PBXBuildFile; fileRef = 5066DBA6281D633B00461CD1 /* Main.storyboard */; };
		5066DBAA281D633E00461CD1 /* Assets.xcassets in Resources */ = {isa = PBXBuildFile; fileRef = 5066DBA9281D633E00461CD1 /* Assets.xcassets */; };
		5066DBAD281D633E00461CD1 /* LaunchScreen.storyboard in Resources */ = {isa = PBXBuildFile; fileRef = 5066DBAB281D633E00461CD1 /* LaunchScreen.storyboard */; };
		5066DBB0281D633E00461CD1 /* main.m in Sources */ = {isa = PBXBuildFile; fileRef = 5066DBAF281D633E00461CD1 /* main.m */; };
		CAB6DDCD2E2CEF8F0072ED9B /* UIView+HHLayout.m in Sources */ = {isa = PBXBuildFile; fileRef = CAB6DDC82E2CEF8F0072ED9B /* UIView+HHLayout.m */; };
		CAB6DDCE2E2CEF8F0072ED9B /* HHGradientLayerView.m in Sources */ = {isa = PBXBuildFile; fileRef = CAB6DDA92E2CEF8F0072ED9B /* HHGradientLayerView.m */; };
		CAB6DDCF2E2CEF8F0072ED9B /* UIImage+HHAdd.m in Sources */ = {isa = PBXBuildFile; fileRef = CAB6DDC02E2CEF8F0072ED9B /* UIImage+HHAdd.m */; };
		CAB6DDD02E2CEF8F0072ED9B /* NSObject+HHAdd.m in Sources */ = {isa = PBXBuildFile; fileRef = CAB6DDBC2E2CEF8F0072ED9B /* NSObject+HHAdd.m */; };
		CAB6DDD12E2CEF8F0072ED9B /* UIView+HHArrange.m in Sources */ = {isa = PBXBuildFile; fileRef = CAB6DDC42E2CEF8F0072ED9B /* UIView+HHArrange.m */; };
		CAB6DDD22E2CEF8F0072ED9B /* HHGradientLayerButton.m in Sources */ = {isa = PBXBuildFile; fileRef = CAB6DDA72E2CEF8F0072ED9B /* HHGradientLayerButton.m */; };
		CAB6DDD32E2CEF8F0072ED9B /* HHArrowView.m in Sources */ = {isa = PBXBuildFile; fileRef = CAB6DD972E2CEF8F0072ED9B /* HHArrowView.m */; };
		CAB6DDD42E2CEF8F0072ED9B /* HHSafeTimer.m in Sources */ = {isa = PBXBuildFile; fileRef = CAB6DDAC2E2CEF8F0072ED9B /* HHSafeTimer.m */; };
		CAB6DDD52E2CEF8F0072ED9B /* NSDate+HHAdd.m in Sources */ = {isa = PBXBuildFile; fileRef = CAB6DDB22E2CEF8F0072ED9B /* NSDate+HHAdd.m */; };
		CAB6DDD62E2CEF8F0072ED9B /* HHFormatUtil.m in Sources */ = {isa = PBXBuildFile; fileRef = CAB6DDA52E2CEF8F0072ED9B /* HHFormatUtil.m */; };
		CAB6DDD72E2CEF8F0072ED9B /* NSMutableArray+HHSafe.m in Sources */ = {isa = PBXBuildFile; fileRef = CAB6DDB62E2CEF8F0072ED9B /* NSMutableArray+HHSafe.m */; };
		CAB6DDD82E2CEF8F0072ED9B /* HHDeallocMediumObject.m in Sources */ = {isa = PBXBuildFile; fileRef = CAB6DD9D2E2CEF8F0072ED9B /* HHDeallocMediumObject.m */; };
		CAB6DDD92E2CEF8F0072ED9B /* NSMutableDictionary+HHSafe.m in Sources */ = {isa = PBXBuildFile; fileRef = CAB6DDB82E2CEF8F0072ED9B /* NSMutableDictionary+HHSafe.m */; };
		CAB6DDDA2E2CEF8F0072ED9B /* HHFileManager.m in Sources */ = {isa = PBXBuildFile; fileRef = CAB6DDA32E2CEF8F0072ED9B /* HHFileManager.m */; };
		CAB6DDDB2E2CEF8F0072ED9B /* HHArrowLabel.m in Sources */ = {isa = PBXBuildFile; fileRef = CAB6DD952E2CEF8F0072ED9B /* HHArrowLabel.m */; };
		CAB6DDDC2E2CEF8F0072ED9B /* HHDisableQuickClickButton.m in Sources */ = {isa = PBXBuildFile; fileRef = CAB6DD9F2E2CEF8F0072ED9B /* HHDisableQuickClickButton.m */; };
		CAB6DDDD2E2CEF8F0072ED9B /* NSArray+HHSafe.m in Sources */ = {isa = PBXBuildFile; fileRef = CAB6DDB02E2CEF8F0072ED9B /* NSArray+HHSafe.m */; };
		CAB6DDDE2E2CEF8F0072ED9B /* HHEnableInsetsLabel.m in Sources */ = {isa = PBXBuildFile; fileRef = CAB6DDA12E2CEF8F0072ED9B /* HHEnableInsetsLabel.m */; };
		CAB6DDDF2E2CEF8F0072ED9B /* UIView+HHAdd.m in Sources */ = {isa = PBXBuildFile; fileRef = CAB6DDC22E2CEF8F0072ED9B /* UIView+HHAdd.m */; };
		CAB6DDE02E2CEF8F0072ED9B /* UIWindow+HHAdd.m in Sources */ = {isa = PBXBuildFile; fileRef = CAB6DDCC2E2CEF8F0072ED9B /* UIWindow+HHAdd.m */; };
		CAB6DDE12E2CEF8F0072ED9B /* NSNumber+HHAdd.m in Sources */ = {isa = PBXBuildFile; fileRef = CAB6DDBA2E2CEF8F0072ED9B /* NSNumber+HHAdd.m */; };
		CAB6DDE22E2CEF8F0072ED9B /* HHUserDefaults.m in Sources */ = {isa = PBXBuildFile; fileRef = CAB6DDAE2E2CEF8F0072ED9B /* HHUserDefaults.m */; };
		CAB6DDE32E2CEF8F0072ED9B /* HHCrashCaughtHandler.m in Sources */ = {isa = PBXBuildFile; fileRef = CAB6DD9B2E2CEF8F0072ED9B /* HHCrashCaughtHandler.m */; };
		CAB6DDE42E2CEF8F0072ED9B /* UIViewController+HHAdd.m in Sources */ = {isa = PBXBuildFile; fileRef = CAB6DDCA2E2CEF8F0072ED9B /* UIViewController+HHAdd.m */; };
		CAB6DDE52E2CEF8F0072ED9B /* NSDictionary+HHSafe.m in Sources */ = {isa = PBXBuildFile; fileRef = CAB6DDB42E2CEF8F0072ED9B /* NSDictionary+HHSafe.m */; };
		CAB6DDE62E2CEF8F0072ED9B /* UIView+HHFrame.m in Sources */ = {isa = PBXBuildFile; fileRef = CAB6DDC62E2CEF8F0072ED9B /* UIView+HHFrame.m */; };
		CAB6DDE72E2CEF8F0072ED9B /* NSString+HHAdd.m in Sources */ = {isa = PBXBuildFile; fileRef = CAB6DDBE2E2CEF8F0072ED9B /* NSString+HHAdd.m */; };
/* End PBXBuildFile section */

/* Begin PBXFileReference section */
		5066DB9A281D633B00461CD1 /* HHCommonDemo.app */ = {isa = PBXFileReference; explicitFileType = wrapper.application; includeInIndex = 0; path = HHCommonDemo.app; sourceTree = BUILT_PRODUCTS_DIR; };
		5066DB9D281D633B00461CD1 /* AppDelegate.h */ = {isa = PBXFileReference; lastKnownFileType = sourcecode.c.h; path = AppDelegate.h; sourceTree = "<group>"; };
		5066DB9E281D633B00461CD1 /* AppDelegate.m */ = {isa = PBXFileReference; lastKnownFileType = sourcecode.c.objc; path = AppDelegate.m; sourceTree = "<group>"; };
		5066DBA3281D633B00461CD1 /* ViewController.h */ = {isa = PBXFileReference; lastKnownFileType = sourcecode.c.h; path = ViewController.h; sourceTree = "<group>"; };
		5066DBA4281D633B00461CD1 /* ViewController.m */ = {isa = PBXFileReference; lastKnownFileType = sourcecode.c.objc; path = ViewController.m; sourceTree = "<group>"; };
		5066DBA7281D633B00461CD1 /* Base */ = {isa = PBXFileReference; lastKnownFileType = file.storyboard; name = Base; path = Base.lproj/Main.storyboard; sourceTree = "<group>"; };
		5066DBA9281D633E00461CD1 /* Assets.xcassets */ = {isa = PBXFileReference; lastKnownFileType = folder.assetcatalog; path = Assets.xcassets; sourceTree = "<group>"; };
		5066DBAC281D633E00461CD1 /* Base */ = {isa = PBXFileReference; lastKnownFileType = file.storyboard; name = Base; path = Base.lproj/LaunchScreen.storyboard; sourceTree = "<group>"; };
		5066DBAE281D633E00461CD1 /* Info.plist */ = {isa = PBXFileReference; lastKnownFileType = text.plist.xml; path = Info.plist; sourceTree = "<group>"; };
		5066DBAF281D633E00461CD1 /* main.m */ = {isa = PBXFileReference; lastKnownFileType = sourcecode.c.objc; path = main.m; sourceTree = "<group>"; };
		CAB6DD942E2CEF8F0072ED9B /* HHArrowLabel.h */ = {isa = PBXFileReference; lastKnownFileType = sourcecode.c.h; path = HHArrowLabel.h; sourceTree = "<group>"; };
		CAB6DD952E2CEF8F0072ED9B /* HHArrowLabel.m */ = {isa = PBXFileReference; lastKnownFileType = sourcecode.c.objc; path = HHArrowLabel.m; sourceTree = "<group>"; };
		CAB6DD962E2CEF8F0072ED9B /* HHArrowView.h */ = {isa = PBXFileReference; lastKnownFileType = sourcecode.c.h; path = HHArrowView.h; sourceTree = "<group>"; };
		CAB6DD972E2CEF8F0072ED9B /* HHArrowView.m */ = {isa = PBXFileReference; lastKnownFileType = sourcecode.c.objc; path = HHArrowView.m; sourceTree = "<group>"; };
		CAB6DD982E2CEF8F0072ED9B /* HHCommon.h */ = {isa = PBXFileReference; lastKnownFileType = sourcecode.c.h; path = HHCommon.h; sourceTree = "<group>"; };
		CAB6DD992E2CEF8F0072ED9B /* HHCommonMethod.h */ = {isa = PBXFileReference; lastKnownFileType = sourcecode.c.h; path = HHCommonMethod.h; sourceTree = "<group>"; };
		CAB6DD9A2E2CEF8F0072ED9B /* HHCrashCaughtHandler.h */ = {isa = PBXFileReference; lastKnownFileType = sourcecode.c.h; path = HHCrashCaughtHandler.h; sourceTree = "<group>"; };
		CAB6DD9B2E2CEF8F0072ED9B /* HHCrashCaughtHandler.m */ = {isa = PBXFileReference; lastKnownFileType = sourcecode.c.objc; path = HHCrashCaughtHandler.m; sourceTree = "<group>"; };
		CAB6DD9C2E2CEF8F0072ED9B /* HHDeallocMediumObject.h */ = {isa = PBXFileReference; lastKnownFileType = sourcecode.c.h; path = HHDeallocMediumObject.h; sourceTree = "<group>"; };
		CAB6DD9D2E2CEF8F0072ED9B /* HHDeallocMediumObject.m */ = {isa = PBXFileReference; lastKnownFileType = sourcecode.c.objc; path = HHDeallocMediumObject.m; sourceTree = "<group>"; };
		CAB6DD9E2E2CEF8F0072ED9B /* HHDisableQuickClickButton.h */ = {isa = PBXFileReference; lastKnownFileType = sourcecode.c.h; path = HHDisableQuickClickButton.h; sourceTree = "<group>"; };
		CAB6DD9F2E2CEF8F0072ED9B /* HHDisableQuickClickButton.m */ = {isa = PBXFileReference; lastKnownFileType = sourcecode.c.objc; path = HHDisableQuickClickButton.m; sourceTree = "<group>"; };
		CAB6DDA02E2CEF8F0072ED9B /* HHEnableInsetsLabel.h */ = {isa = PBXFileReference; lastKnownFileType = sourcecode.c.h; path = HHEnableInsetsLabel.h; sourceTree = "<group>"; };
		CAB6DDA12E2CEF8F0072ED9B /* HHEnableInsetsLabel.m */ = {isa = PBXFileReference; lastKnownFileType = sourcecode.c.objc; path = HHEnableInsetsLabel.m; sourceTree = "<group>"; };
		CAB6DDA22E2CEF8F0072ED9B /* HHFileManager.h */ = {isa = PBXFileReference; lastKnownFileType = sourcecode.c.h; path = HHFileManager.h; sourceTree = "<group>"; };
		CAB6DDA32E2CEF8F0072ED9B /* HHFileManager.m */ = {isa = PBXFileReference; lastKnownFileType = sourcecode.c.objc; path = HHFileManager.m; sourceTree = "<group>"; };
		CAB6DDA42E2CEF8F0072ED9B /* HHFormatUtil.h */ = {isa = PBXFileReference; lastKnownFileType = sourcecode.c.h; path = HHFormatUtil.h; sourceTree = "<group>"; };
		CAB6DDA52E2CEF8F0072ED9B /* HHFormatUtil.m */ = {isa = PBXFileReference; lastKnownFileType = sourcecode.c.objc; path = HHFormatUtil.m; sourceTree = "<group>"; };
		CAB6DDA62E2CEF8F0072ED9B /* HHGradientLayerButton.h */ = {isa = PBXFileReference; lastKnownFileType = sourcecode.c.h; path = HHGradientLayerButton.h; sourceTree = "<group>"; };
		CAB6DDA72E2CEF8F0072ED9B /* HHGradientLayerButton.m */ = {isa = PBXFileReference; lastKnownFileType = sourcecode.c.objc; path = HHGradientLayerButton.m; sourceTree = "<group>"; };
		CAB6DDA82E2CEF8F0072ED9B /* HHGradientLayerView.h */ = {isa = PBXFileReference; lastKnownFileType = sourcecode.c.h; path = HHGradientLayerView.h; sourceTree = "<group>"; };
		CAB6DDA92E2CEF8F0072ED9B /* HHGradientLayerView.m */ = {isa = PBXFileReference; lastKnownFileType = sourcecode.c.objc; path = HHGradientLayerView.m; sourceTree = "<group>"; };
		CAB6DDAA2E2CEF8F0072ED9B /* HHMacro.h */ = {isa = PBXFileReference; lastKnownFileType = sourcecode.c.h; path = HHMacro.h; sourceTree = "<group>"; };
		CAB6DDAB2E2CEF8F0072ED9B /* HHSafeTimer.h */ = {isa = PBXFileReference; lastKnownFileType = sourcecode.c.h; path = HHSafeTimer.h; sourceTree = "<group>"; };
		CAB6DDAC2E2CEF8F0072ED9B /* HHSafeTimer.m */ = {isa = PBXFileReference; lastKnownFileType = sourcecode.c.objc; path = HHSafeTimer.m; sourceTree = "<group>"; };
		CAB6DDAD2E2CEF8F0072ED9B /* HHUserDefaults.h */ = {isa = PBXFileReference; lastKnownFileType = sourcecode.c.h; path = HHUserDefaults.h; sourceTree = "<group>"; };
		CAB6DDAE2E2CEF8F0072ED9B /* HHUserDefaults.m */ = {isa = PBXFileReference; lastKnownFileType = sourcecode.c.objc; path = HHUserDefaults.m; sourceTree = "<group>"; };
		CAB6DDAF2E2CEF8F0072ED9B /* NSArray+HHSafe.h */ = {isa = PBXFileReference; lastKnownFileType = sourcecode.c.h; path = "NSArray+HHSafe.h"; sourceTree = "<group>"; };
		CAB6DDB02E2CEF8F0072ED9B /* NSArray+HHSafe.m */ = {isa = PBXFileReference; lastKnownFileType = sourcecode.c.objc; path = "NSArray+HHSafe.m"; sourceTree = "<group>"; };
		CAB6DDB12E2CEF8F0072ED9B /* NSDate+HHAdd.h */ = {isa = PBXFileReference; lastKnownFileType = sourcecode.c.h; path = "NSDate+HHAdd.h"; sourceTree = "<group>"; };
		CAB6DDB22E2CEF8F0072ED9B /* NSDate+HHAdd.m */ = {isa = PBXFileReference; lastKnownFileType = sourcecode.c.objc; path = "NSDate+HHAdd.m"; sourceTree = "<group>"; };
		CAB6DDB32E2CEF8F0072ED9B /* NSDictionary+HHSafe.h */ = {isa = PBXFileReference; lastKnownFileType = sourcecode.c.h; path = "NSDictionary+HHSafe.h"; sourceTree = "<group>"; };
		CAB6DDB42E2CEF8F0072ED9B /* NSDictionary+HHSafe.m */ = {isa = PBXFileReference; lastKnownFileType = sourcecode.c.objc; path = "NSDictionary+HHSafe.m"; sourceTree = "<group>"; };
		CAB6DDB52E2CEF8F0072ED9B /* NSMutableArray+HHSafe.h */ = {isa = PBXFileReference; lastKnownFileType = sourcecode.c.h; path = "NSMutableArray+HHSafe.h"; sourceTree = "<group>"; };
		CAB6DDB62E2CEF8F0072ED9B /* NSMutableArray+HHSafe.m */ = {isa = PBXFileReference; lastKnownFileType = sourcecode.c.objc; path = "NSMutableArray+HHSafe.m"; sourceTree = "<group>"; };
		CAB6DDB72E2CEF8F0072ED9B /* NSMutableDictionary+HHSafe.h */ = {isa = PBXFileReference; lastKnownFileType = sourcecode.c.h; path = "NSMutableDictionary+HHSafe.h"; sourceTree = "<group>"; };
		CAB6DDB82E2CEF8F0072ED9B /* NSMutableDictionary+HHSafe.m */ = {isa = PBXFileReference; lastKnownFileType = sourcecode.c.objc; path = "NSMutableDictionary+HHSafe.m"; sourceTree = "<group>"; };
		CAB6DDB92E2CEF8F0072ED9B /* NSNumber+HHAdd.h */ = {isa = PBXFileReference; lastKnownFileType = sourcecode.c.h; path = "NSNumber+HHAdd.h"; sourceTree = "<group>"; };
		CAB6DDBA2E2CEF8F0072ED9B /* NSNumber+HHAdd.m */ = {isa = PBXFileReference; lastKnownFileType = sourcecode.c.objc; path = "NSNumber+HHAdd.m"; sourceTree = "<group>"; };
		CAB6DDBB2E2CEF8F0072ED9B /* NSObject+HHAdd.h */ = {isa = PBXFileReference; lastKnownFileType = sourcecode.c.h; path = "NSObject+HHAdd.h"; sourceTree = "<group>"; };
		CAB6DDBC2E2CEF8F0072ED9B /* NSObject+HHAdd.m */ = {isa = PBXFileReference; lastKnownFileType = sourcecode.c.objc; path = "NSObject+HHAdd.m"; sourceTree = "<group>"; };
		CAB6DDBD2E2CEF8F0072ED9B /* NSString+HHAdd.h */ = {isa = PBXFileReference; lastKnownFileType = sourcecode.c.h; path = "NSString+HHAdd.h"; sourceTree = "<group>"; };
		CAB6DDBE2E2CEF8F0072ED9B /* NSString+HHAdd.m */ = {isa = PBXFileReference; lastKnownFileType = sourcecode.c.objc; path = "NSString+HHAdd.m"; sourceTree = "<group>"; };
		CAB6DDBF2E2CEF8F0072ED9B /* UIImage+HHAdd.h */ = {isa = PBXFileReference; lastKnownFileType = sourcecode.c.h; path = "UIImage+HHAdd.h"; sourceTree = "<group>"; };
		CAB6DDC02E2CEF8F0072ED9B /* UIImage+HHAdd.m */ = {isa = PBXFileReference; lastKnownFileType = sourcecode.c.objc; path = "UIImage+HHAdd.m"; sourceTree = "<group>"; };
		CAB6DDC12E2CEF8F0072ED9B /* UIView+HHAdd.h */ = {isa = PBXFileReference; lastKnownFileType = sourcecode.c.h; path = "UIView+HHAdd.h"; sourceTree = "<group>"; };
		CAB6DDC22E2CEF8F0072ED9B /* UIView+HHAdd.m */ = {isa = PBXFileReference; lastKnownFileType = sourcecode.c.objc; path = "UIView+HHAdd.m"; sourceTree = "<group>"; };
		CAB6DDC32E2CEF8F0072ED9B /* UIView+HHArrange.h */ = {isa = PBXFileReference; lastKnownFileType = sourcecode.c.h; path = "UIView+HHArrange.h"; sourceTree = "<group>"; };
		CAB6DDC42E2CEF8F0072ED9B /* UIView+HHArrange.m */ = {isa = PBXFileReference; lastKnownFileType = sourcecode.c.objc; path = "UIView+HHArrange.m"; sourceTree = "<group>"; };
		CAB6DDC52E2CEF8F0072ED9B /* UIView+HHFrame.h */ = {isa = PBXFileReference; lastKnownFileType = sourcecode.c.h; path = "UIView+HHFrame.h"; sourceTree = "<group>"; };
		CAB6DDC62E2CEF8F0072ED9B /* UIView+HHFrame.m */ = {isa = PBXFileReference; lastKnownFileType = sourcecode.c.objc; path = "UIView+HHFrame.m"; sourceTree = "<group>"; };
		CAB6DDC72E2CEF8F0072ED9B /* UIView+HHLayout.h */ = {isa = PBXFileReference; lastKnownFileType = sourcecode.c.h; path = "UIView+HHLayout.h"; sourceTree = "<group>"; };
		CAB6DDC82E2CEF8F0072ED9B /* UIView+HHLayout.m */ = {isa = PBXFileReference; lastKnownFileType = sourcecode.c.objc; path = "UIView+HHLayout.m"; sourceTree = "<group>"; };
		CAB6DDC92E2CEF8F0072ED9B /* UIViewController+HHAdd.h */ = {isa = PBXFileReference; lastKnownFileType = sourcecode.c.h; path = "UIViewController+HHAdd.h"; sourceTree = "<group>"; };
		CAB6DDCA2E2CEF8F0072ED9B /* UIViewController+HHAdd.m */ = {isa = PBXFileReference; lastKnownFileType = sourcecode.c.objc; path = "UIViewController+HHAdd.m"; sourceTree = "<group>"; };
		CAB6DDCB2E2CEF8F0072ED9B /* UIWindow+HHAdd.h */ = {isa = PBXFileReference; lastKnownFileType = sourcecode.c.h; path = "UIWindow+HHAdd.h"; sourceTree = "<group>"; };
		CAB6DDCC2E2CEF8F0072ED9B /* UIWindow+HHAdd.m */ = {isa = PBXFileReference; lastKnownFileType = sourcecode.c.objc; path = "UIWindow+HHAdd.m"; sourceTree = "<group>"; };
/* End PBXFileReference section */

/* Begin PBXFrameworksBuildPhase section */
		5066DB97281D633B00461CD1 /* Frameworks */ = {
			isa = PBXFrameworksBuildPhase;
			buildActionMask = 2147483647;
			files = (
			);
			runOnlyForDeploymentPostprocessing = 0;
		};
/* End PBXFrameworksBuildPhase section */

/* Begin PBXGroup section */
		5066DB91281D633B00461CD1 = {
			isa = PBXGroup;
			children = (
				5066DB9C281D633B00461CD1 /* HHCommonDemo */,
				5066DB9B281D633B00461CD1 /* Products */,
			);
			sourceTree = "<group>";
		};
		5066DB9B281D633B00461CD1 /* Products */ = {
			isa = PBXGroup;
			children = (
				5066DB9A281D633B00461CD1 /* HHCommonDemo.app */,
			);
			name = Products;
			sourceTree = "<group>";
		};
		5066DB9C281D633B00461CD1 /* HHCommonDemo */ = {
			isa = PBXGroup;
			children = (
				FEBB769F2838802B0062D595 /* HHCommon */,
				5066DB9D281D633B00461CD1 /* AppDelegate.h */,
				5066DB9E281D633B00461CD1 /* AppDelegate.m */,
				5066DBA3281D633B00461CD1 /* ViewController.h */,
				5066DBA4281D633B00461CD1 /* ViewController.m */,
				5066DBA6281D633B00461CD1 /* Main.storyboard */,
				5066DBA9281D633E00461CD1 /* Assets.xcassets */,
				5066DBAB281D633E00461CD1 /* LaunchScreen.storyboard */,
				5066DBAE281D633E00461CD1 /* Info.plist */,
				5066DBAF281D633E00461CD1 /* main.m */,
			);
			path = HHCommonDemo;
			sourceTree = "<group>";
		};
		FEBB769F2838802B0062D595 /* HHCommon */ = {
			isa = PBXGroup;
			children = (
				CAB6DD942E2CEF8F0072ED9B /* HHArrowLabel.h */,
				CAB6DD952E2CEF8F0072ED9B /* HHArrowLabel.m */,
				CAB6DD962E2CEF8F0072ED9B /* HHArrowView.h */,
				CAB6DD972E2CEF8F0072ED9B /* HHArrowView.m */,
				CAB6DD982E2CEF8F0072ED9B /* HHCommon.h */,
				CAB6DD992E2CEF8F0072ED9B /* HHCommonMethod.h */,
				CAB6DD9A2E2CEF8F0072ED9B /* HHCrashCaughtHandler.h */,
				CAB6DD9B2E2CEF8F0072ED9B /* HHCrashCaughtHandler.m */,
				CAB6DD9C2E2CEF8F0072ED9B /* HHDeallocMediumObject.h */,
				CAB6DD9D2E2CEF8F0072ED9B /* HHDeallocMediumObject.m */,
				CAB6DD9E2E2CEF8F0072ED9B /* HHDisableQuickClickButton.h */,
				CAB6DD9F2E2CEF8F0072ED9B /* HHDisableQuickClickButton.m */,
				CAB6DDA02E2CEF8F0072ED9B /* HHEnableInsetsLabel.h */,
				CAB6DDA12E2CEF8F0072ED9B /* HHEnableInsetsLabel.m */,
				CAB6DDA22E2CEF8F0072ED9B /* HHFileManager.h */,
				CAB6DDA32E2CEF8F0072ED9B /* HHFileManager.m */,
				CAB6DDA42E2CEF8F0072ED9B /* HHFormatUtil.h */,
				CAB6DDA52E2CEF8F0072ED9B /* HHFormatUtil.m */,
				CAB6DDA62E2CEF8F0072ED9B /* HHGradientLayerButton.h */,
				CAB6DDA72E2CEF8F0072ED9B /* HHGradientLayerButton.m */,
				CAB6DDA82E2CEF8F0072ED9B /* HHGradientLayerView.h */,
				CAB6DDA92E2CEF8F0072ED9B /* HHGradientLayerView.m */,
				CAB6DDAA2E2CEF8F0072ED9B /* HHMacro.h */,
				CAB6DDAB2E2CEF8F0072ED9B /* HHSafeTimer.h */,
				CAB6DDAC2E2CEF8F0072ED9B /* HHSafeTimer.m */,
				CAB6DDAD2E2CEF8F0072ED9B /* HHUserDefaults.h */,
				CAB6DDAE2E2CEF8F0072ED9B /* HHUserDefaults.m */,
				CAB6DDAF2E2CEF8F0072ED9B /* NSArray+HHSafe.h */,
				CAB6DDB02E2CEF8F0072ED9B /* NSArray+HHSafe.m */,
				CAB6DDB12E2CEF8F0072ED9B /* NSDate+HHAdd.h */,
				CAB6DDB22E2CEF8F0072ED9B /* NSDate+HHAdd.m */,
				CAB6DDB32E2CEF8F0072ED9B /* NSDictionary+HHSafe.h */,
				CAB6DDB42E2CEF8F0072ED9B /* NSDictionary+HHSafe.m */,
				CAB6DDB52E2CEF8F0072ED9B /* NSMutableArray+HHSafe.h */,
				CAB6DDB62E2CEF8F0072ED9B /* NSMutableArray+HHSafe.m */,
				CAB6DDB72E2CEF8F0072ED9B /* NSMutableDictionary+HHSafe.h */,
				CAB6DDB82E2CEF8F0072ED9B /* NSMutableDictionary+HHSafe.m */,
				CAB6DDB92E2CEF8F0072ED9B /* NSNumber+HHAdd.h */,
				CAB6DDBA2E2CEF8F0072ED9B /* NSNumber+HHAdd.m */,
				CAB6DDBB2E2CEF8F0072ED9B /* NSObject+HHAdd.h */,
				CAB6DDBC2E2CEF8F0072ED9B /* NSObject+HHAdd.m */,
				CAB6DDBD2E2CEF8F0072ED9B /* NSString+HHAdd.h */,
				CAB6DDBE2E2CEF8F0072ED9B /* NSString+HHAdd.m */,
				CAB6DDBF2E2CEF8F0072ED9B /* UIImage+HHAdd.h */,
				CAB6DDC02E2CEF8F0072ED9B /* UIImage+HHAdd.m */,
				CAB6DDC12E2CEF8F0072ED9B /* UIView+HHAdd.h */,
				CAB6DDC22E2CEF8F0072ED9B /* UIView+HHAdd.m */,
				CAB6DDC32E2CEF8F0072ED9B /* UIView+HHArrange.h */,
				CAB6DDC42E2CEF8F0072ED9B /* UIView+HHArrange.m */,
				CAB6DDC52E2CEF8F0072ED9B /* UIView+HHFrame.h */,
				CAB6DDC62E2CEF8F0072ED9B /* UIView+HHFrame.m */,
				CAB6DDC72E2CEF8F0072ED9B /* UIView+HHLayout.h */,
				CAB6DDC82E2CEF8F0072ED9B /* UIView+HHLayout.m */,
				CAB6DDC92E2CEF8F0072ED9B /* UIViewController+HHAdd.h */,
				CAB6DDCA2E2CEF8F0072ED9B /* UIViewController+HHAdd.m */,
				CAB6DDCB2E2CEF8F0072ED9B /* UIWindow+HHAdd.h */,
				CAB6DDCC2E2CEF8F0072ED9B /* UIWindow+HHAdd.m */,
			);
			path = HHCommon;
			sourceTree = SOURCE_ROOT;
		};
/* End PBXGroup section */

/* Begin PBXNativeTarget section */
		5066DB99281D633B00461CD1 /* HHCommonDemo */ = {
			isa = PBXNativeTarget;
			buildConfigurationList = 5066DBB3281D633E00461CD1 /* Build configuration list for PBXNativeTarget "HHCommonDemo" */;
			buildPhases = (
				5066DB96281D633B00461CD1 /* Sources */,
				5066DB97281D633B00461CD1 /* Frameworks */,
				5066DB98281D633B00461CD1 /* Resources */,
			);
			buildRules = (
			);
			dependencies = (
			);
			name = HHCommonDemo;
			productName = HHUIKit;
			productReference = 5066DB9A281D633B00461CD1 /* HHCommonDemo.app */;
			productType = "com.apple.product-type.application";
		};
/* End PBXNativeTarget section */

/* Begin PBXProject section */
		5066DB92281D633B00461CD1 /* Project object */ = {
			isa = PBXProject;
			attributes = {
				BuildIndependentTargetsInParallel = 1;
				LastUpgradeCheck = 1420;
				TargetAttributes = {
					5066DB99281D633B00461CD1 = {
						CreatedOnToolsVersion = 13.2.1;
					};
				};
			};
			buildConfigurationList = 5066DB95281D633B00461CD1 /* Build configuration list for PBXProject "HHCommonDemo" */;
			compatibilityVersion = "Xcode 13.0";
			developmentRegion = en;
			hasScannedForEncodings = 0;
			knownRegions = (
				en,
				Base,
			);
			mainGroup = 5066DB91281D633B00461CD1;
			productRefGroup = 5066DB9B281D633B00461CD1 /* Products */;
			projectDirPath = "";
			projectRoot = "";
			targets = (
				5066DB99281D633B00461CD1 /* HHCommonDemo */,
			);
		};
/* End PBXProject section */

/* Begin PBXResourcesBuildPhase section */
		5066DB98281D633B00461CD1 /* Resources */ = {
			isa = PBXResourcesBuildPhase;
			buildActionMask = 2147483647;
			files = (
				5066DBAD281D633E00461CD1 /* LaunchScreen.storyboard in Resources */,
				5066DBAA281D633E00461CD1 /* Assets.xcassets in Resources */,
				5066DBA8281D633B00461CD1 /* Main.storyboard in Resources */,
			);
			runOnlyForDeploymentPostprocessing = 0;
		};
/* End PBXResourcesBuildPhase section */

/* Begin PBXSourcesBuildPhase section */
		5066DB96281D633B00461CD1 /* Sources */ = {
			isa = PBXSourcesBuildPhase;
			buildActionMask = 2147483647;
			files = (
				CAB6DDCD2E2CEF8F0072ED9B /* UIView+HHLayout.m in Sources */,
				CAB6DDCE2E2CEF8F0072ED9B /* HHGradientLayerView.m in Sources */,
				CAB6DDCF2E2CEF8F0072ED9B /* UIImage+HHAdd.m in Sources */,
				CAB6DDD02E2CEF8F0072ED9B /* NSObject+HHAdd.m in Sources */,
				CAB6DDD12E2CEF8F0072ED9B /* UIView+HHArrange.m in Sources */,
				CAB6DDD22E2CEF8F0072ED9B /* HHGradientLayerButton.m in Sources */,
				CAB6DDD32E2CEF8F0072ED9B /* HHArrowView.m in Sources */,
				CAB6DDD42E2CEF8F0072ED9B /* HHSafeTimer.m in Sources */,
				CAB6DDD52E2CEF8F0072ED9B /* NSDate+HHAdd.m in Sources */,
				CAB6DDD62E2CEF8F0072ED9B /* HHFormatUtil.m in Sources */,
				CAB6DDD72E2CEF8F0072ED9B /* NSMutableArray+HHSafe.m in Sources */,
				CAB6DDD82E2CEF8F0072ED9B /* HHDeallocMediumObject.m in Sources */,
				CAB6DDD92E2CEF8F0072ED9B /* NSMutableDictionary+HHSafe.m in Sources */,
				CAB6DDDA2E2CEF8F0072ED9B /* HHFileManager.m in Sources */,
				CAB6DDDB2E2CEF8F0072ED9B /* HHArrowLabel.m in Sources */,
				CAB6DDDC2E2CEF8F0072ED9B /* HHDisableQuickClickButton.m in Sources */,
				CAB6DDDD2E2CEF8F0072ED9B /* NSArray+HHSafe.m in Sources */,
				CAB6DDDE2E2CEF8F0072ED9B /* HHEnableInsetsLabel.m in Sources */,
				CAB6DDDF2E2CEF8F0072ED9B /* UIView+HHAdd.m in Sources */,
				CAB6DDE02E2CEF8F0072ED9B /* UIWindow+HHAdd.m in Sources */,
				CAB6DDE12E2CEF8F0072ED9B /* NSNumber+HHAdd.m in Sources */,
				CAB6DDE22E2CEF8F0072ED9B /* HHUserDefaults.m in Sources */,
				CAB6DDE32E2CEF8F0072ED9B /* HHCrashCaughtHandler.m in Sources */,
				CAB6DDE42E2CEF8F0072ED9B /* UIViewController+HHAdd.m in Sources */,
				CAB6DDE52E2CEF8F0072ED9B /* NSDictionary+HHSafe.m in Sources */,
				CAB6DDE62E2CEF8F0072ED9B /* UIView+HHFrame.m in Sources */,
				CAB6DDE72E2CEF8F0072ED9B /* NSString+HHAdd.m in Sources */,
				5066DBA5281D633B00461CD1 /* ViewController.m in Sources */,
				5066DB9F281D633B00461CD1 /* AppDelegate.m in Sources */,
				5066DBB0281D633E00461CD1 /* main.m in Sources */,
			);
			runOnlyForDeploymentPostprocessing = 0;
		};
/* End PBXSourcesBuildPhase section */

/* Begin PBXVariantGroup section */
		5066DBA6281D633B00461CD1 /* Main.storyboard */ = {
			isa = PBXVariantGroup;
			children = (
				5066DBA7281D633B00461CD1 /* Base */,
			);
			name = Main.storyboard;
			sourceTree = "<group>";
		};
		5066DBAB281D633E00461CD1 /* LaunchScreen.storyboard */ = {
			isa = PBXVariantGroup;
			children = (
				5066DBAC281D633E00461CD1 /* Base */,
			);
			name = LaunchScreen.storyboard;
			sourceTree = "<group>";
		};
/* End PBXVariantGroup section */

/* Begin XCBuildConfiguration section */
		5066DBB1281D633E00461CD1 /* Debug */ = {
			isa = XCBuildConfiguration;
			buildSettings = {
				ALWAYS_SEARCH_USER_PATHS = NO;
				CLANG_ANALYZER_NONNULL = YES;
				CLANG_ANALYZER_NUMBER_OBJECT_CONVERSION = YES_AGGRESSIVE;
				CLANG_CXX_LANGUAGE_STANDARD = "gnu++17";
				CLANG_CXX_LIBRARY = "libc++";
				CLANG_ENABLE_MODULES = YES;
				CLANG_ENABLE_OBJC_ARC = YES;
				CLANG_ENABLE_OBJC_WEAK = YES;
				CLANG_WARN_BLOCK_CAPTURE_AUTORELEASING = YES;
				CLANG_WARN_BOOL_CONVERSION = YES;
				CLANG_WARN_COMMA = YES;
				CLANG_WARN_CONSTANT_CONVERSION = YES;
				CLANG_WARN_DEPRECATED_OBJC_IMPLEMENTATIONS = YES;
				CLANG_WARN_DIRECT_OBJC_ISA_USAGE = YES_ERROR;
				CLANG_WARN_DOCUMENTATION_COMMENTS = YES;
				CLANG_WARN_EMPTY_BODY = YES;
				CLANG_WARN_ENUM_CONVERSION = YES;
				CLANG_WARN_INFINITE_RECURSION = YES;
				CLANG_WARN_INT_CONVERSION = YES;
				CLANG_WARN_NON_LITERAL_NULL_CONVERSION = YES;
				CLANG_WARN_OBJC_IMPLICIT_RETAIN_SELF = YES;
				CLANG_WARN_OBJC_LITERAL_CONVERSION = YES;
				CLANG_WARN_OBJC_ROOT_CLASS = YES_ERROR;
				CLANG_WARN_QUOTED_INCLUDE_IN_FRAMEWORK_HEADER = YES;
				CLANG_WARN_RANGE_LOOP_ANALYSIS = YES;
				CLANG_WARN_STRICT_PROTOTYPES = YES;
				CLANG_WARN_SUSPICIOUS_MOVE = YES;
				CLANG_WARN_UNGUARDED_AVAILABILITY = YES_AGGRESSIVE;
				CLANG_WARN_UNREACHABLE_CODE = YES;
				CLANG_WARN__DUPLICATE_METHOD_MATCH = YES;
				COPY_PHASE_STRIP = NO;
				DEBUG_INFORMATION_FORMAT = dwarf;
				ENABLE_STRICT_OBJC_MSGSEND = YES;
				ENABLE_TESTABILITY = YES;
				GCC_C_LANGUAGE_STANDARD = gnu11;
				GCC_DYNAMIC_NO_PIC = NO;
				GCC_NO_COMMON_BLOCKS = YES;
				GCC_OPTIMIZATION_LEVEL = 0;
				GCC_PREPROCESSOR_DEFINITIONS = (
					"DEBUG=1",
					"$(inherited)",
				);
				GCC_WARN_64_TO_32_BIT_CONVERSION = YES;
				GCC_WARN_ABOUT_RETURN_TYPE = YES_ERROR;
				GCC_WARN_UNDECLARED_SELECTOR = YES;
				GCC_WARN_UNINITIALIZED_AUTOS = YES_AGGRESSIVE;
				GCC_WARN_UNUSED_FUNCTION = YES;
				GCC_WARN_UNUSED_VARIABLE = YES;
				IPHONEOS_DEPLOYMENT_TARGET = 12.0;
				MTL_ENABLE_DEBUG_INFO = INCLUDE_SOURCE;
				MTL_FAST_MATH = YES;
				ONLY_ACTIVE_ARCH = YES;
				SDKROOT = iphoneos;
			};
			name = Debug;
		};
		5066DBB2281D633E00461CD1 /* Release */ = {
			isa = XCBuildConfiguration;
			buildSettings = {
				ALWAYS_SEARCH_USER_PATHS = NO;
				CLANG_ANALYZER_NONNULL = YES;
				CLANG_ANALYZER_NUMBER_OBJECT_CONVERSION = YES_AGGRESSIVE;
				CLANG_CXX_LANGUAGE_STANDARD = "gnu++17";
				CLANG_CXX_LIBRARY = "libc++";
				CLANG_ENABLE_MODULES = YES;
				CLANG_ENABLE_OBJC_ARC = YES;
				CLANG_ENABLE_OBJC_WEAK = YES;
				CLANG_WARN_BLOCK_CAPTURE_AUTORELEASING = YES;
				CLANG_WARN_BOOL_CONVERSION = YES;
				CLANG_WARN_COMMA = YES;
				CLANG_WARN_CONSTANT_CONVERSION = YES;
				CLANG_WARN_DEPRECATED_OBJC_IMPLEMENTATIONS = YES;
				CLANG_WARN_DIRECT_OBJC_ISA_USAGE = YES_ERROR;
				CLANG_WARN_DOCUMENTATION_COMMENTS = YES;
				CLANG_WARN_EMPTY_BODY = YES;
				CLANG_WARN_ENUM_CONVERSION = YES;
				CLANG_WARN_INFINITE_RECURSION = YES;
				CLANG_WARN_INT_CONVERSION = YES;
				CLANG_WARN_NON_LITERAL_NULL_CONVERSION = YES;
				CLANG_WARN_OBJC_IMPLICIT_RETAIN_SELF = YES;
				CLANG_WARN_OBJC_LITERAL_CONVERSION = YES;
				CLANG_WARN_OBJC_ROOT_CLASS = YES_ERROR;
				CLANG_WARN_QUOTED_INCLUDE_IN_FRAMEWORK_HEADER = YES;
				CLANG_WARN_RANGE_LOOP_ANALYSIS = YES;
				CLANG_WARN_STRICT_PROTOTYPES = YES;
				CLANG_WARN_SUSPICIOUS_MOVE = YES;
				CLANG_WARN_UNGUARDED_AVAILABILITY = YES_AGGRESSIVE;
				CLANG_WARN_UNREACHABLE_CODE = YES;
				CLANG_WARN__DUPLICATE_METHOD_MATCH = YES;
				COPY_PHASE_STRIP = NO;
				DEBUG_INFORMATION_FORMAT = "dwarf-with-dsym";
				ENABLE_NS_ASSERTIONS = NO;
				ENABLE_STRICT_OBJC_MSGSEND = YES;
				GCC_C_LANGUAGE_STANDARD = gnu11;
				GCC_NO_COMMON_BLOCKS = YES;
				GCC_WARN_64_TO_32_BIT_CONVERSION = YES;
				GCC_WARN_ABOUT_RETURN_TYPE = YES_ERROR;
				GCC_WARN_UNDECLARED_SELECTOR = YES;
				GCC_WARN_UNINITIALIZED_AUTOS = YES_AGGRESSIVE;
				GCC_WARN_UNUSED_FUNCTION = YES;
				GCC_WARN_UNUSED_VARIABLE = YES;
				IPHONEOS_DEPLOYMENT_TARGET = 12.0;
				MTL_ENABLE_DEBUG_INFO = NO;
				MTL_FAST_MATH = YES;
				SDKROOT = iphoneos;
				VALIDATE_PRODUCT = YES;
			};
			name = Release;
		};
		5066DBB4281D633E00461CD1 /* Debug */ = {
			isa = XCBuildConfiguration;
			buildSettings = {
				ASSETCATALOG_COMPILER_APPICON_NAME = AppIcon;
				ASSETCATALOG_COMPILER_GLOBAL_ACCENT_COLOR_NAME = AccentColor;
				CODE_SIGN_STYLE = Automatic;
				CURRENT_PROJECT_VERSION = 1;
				DEVELOPMENT_TEAM = 8ADM337BP7;
				GENERATE_INFOPLIST_FILE = YES;
				INFOPLIST_FILE = HHCommonDemo/Info.plist;
				INFOPLIST_KEY_UIApplicationSupportsIndirectInputEvents = YES;
				INFOPLIST_KEY_UILaunchStoryboardName = LaunchScreen;
				INFOPLIST_KEY_UIMainStoryboardFile = Main;
				INFOPLIST_KEY_UISupportedInterfaceOrientations_iPad = "UIInterfaceOrientationPortrait UIInterfaceOrientationPortraitUpsideDown UIInterfaceOrientationLandscapeLeft UIInterfaceOrientationLandscapeRight";
				INFOPLIST_KEY_UISupportedInterfaceOrientations_iPhone = "UIInterfaceOrientationPortrait UIInterfaceOrientationLandscapeLeft UIInterfaceOrientationLandscapeRight";
				IPHONEOS_DEPLOYMENT_TARGET = 15;
				LD_RUNPATH_SEARCH_PATHS = (
					"$(inherited)",
					"@executable_path/Frameworks",
				);
				MARKETING_VERSION = 1.0;
				PRODUCT_BUNDLE_IDENTIFIER = com.yufeng.HHCommon;
				PRODUCT_NAME = "$(TARGET_NAME)";
				SWIFT_EMIT_LOC_STRINGS = YES;
				TARGETED_DEVICE_FAMILY = 1;
			};
			name = Debug;
		};
		5066DBB5281D633E00461CD1 /* Release */ = {
			isa = XCBuildConfiguration;
			buildSettings = {
				ASSETCATALOG_COMPILER_APPICON_NAME = AppIcon;
				ASSETCATALOG_COMPILER_GLOBAL_ACCENT_COLOR_NAME = AccentColor;
				CODE_SIGN_STYLE = Automatic;
				CURRENT_PROJECT_VERSION = 1;
				DEVELOPMENT_TEAM = 8ADM337BP7;
				GENERATE_INFOPLIST_FILE = YES;
				INFOPLIST_FILE = HHCommonDemo/Info.plist;
				INFOPLIST_KEY_UIApplicationSupportsIndirectInputEvents = YES;
				INFOPLIST_KEY_UILaunchStoryboardName = LaunchScreen;
				INFOPLIST_KEY_UIMainStoryboardFile = Main;
				INFOPLIST_KEY_UISupportedInterfaceOrientations_iPad = "UIInterfaceOrientationPortrait UIInterfaceOrientationPortraitUpsideDown UIInterfaceOrientationLandscapeLeft UIInterfaceOrientationLandscapeRight";
				INFOPLIST_KEY_UISupportedInterfaceOrientations_iPhone = "UIInterfaceOrientationPortrait UIInterfaceOrientationLandscapeLeft UIInterfaceOrientationLandscapeRight";
				IPHONEOS_DEPLOYMENT_TARGET = 15;
				LD_RUNPATH_SEARCH_PATHS = (
					"$(inherited)",
					"@executable_path/Frameworks",
				);
				MARKETING_VERSION = 1.0;
				PRODUCT_BUNDLE_IDENTIFIER = com.yufeng.HHCommon;
				PRODUCT_NAME = "$(TARGET_NAME)";
				SWIFT_EMIT_LOC_STRINGS = YES;
				TARGETED_DEVICE_FAMILY = 1;
			};
			name = Release;
		};
/* End XCBuildConfiguration section */

/* Begin XCConfigurationList section */
		5066DB95281D633B00461CD1 /* Build configuration list for PBXProject "HHCommonDemo" */ = {
			isa = XCConfigurationList;
			buildConfigurations = (
				5066DBB1281D633E00461CD1 /* Debug */,
				5066DBB2281D633E00461CD1 /* Release */,
			);
			defaultConfigurationIsVisible = 0;
			defaultConfigurationName = Release;
		};
		5066DBB3281D633E00461CD1 /* Build configuration list for PBXNativeTarget "HHCommonDemo" */ = {
			isa = XCConfigurationList;
			buildConfigurations = (
				5066DBB4281D633E00461CD1 /* Debug */,
				5066DBB5281D633E00461CD1 /* Release */,
			);
			defaultConfigurationIsVisible = 0;
			defaultConfigurationName = Release;
		};
/* End XCConfigurationList section */
	};
	rootObject = 5066DB92281D633B00461CD1 /* Project object */;
}
